
Microsoft Visual Studio Solution File, Format Version 12.00
# Visual Studio Version 17
VisualStudioVersion = 17.9.34622.214
MinimumVisualStudioVersion = 10.0.40219.1
Project("{FAE04EC0-301F-11D3-BF4B-00C04F79EFBC}") = "PasswordManager2", "PasswordManager2\PasswordManager2.csproj", "{43591DE3-857B-4BC3-8BAB-05353A355FC7}"
EndProject
Project("{FAE04EC0-301F-11D3-BF4B-00C04F79EFBC}") = "PasswordManager2Api", "PasswordManager2Api\PasswordManager2Api.csproj", "{C6461BFC-9BAB-462D-A048-547B33E92AEF}"
EndProject
Global
	GlobalSection(SolutionConfigurationPlatforms) = preSolution
		Debug|Any CPU = Debug|Any CPU
		Release|Any CPU = Release|Any CPU
	EndGlobalSection
	GlobalSection(ProjectConfigurationPlatforms) = postSolution
		{43591DE3-857B-4BC3-8BAB-05353A355FC7}.Debug|Any CPU.ActiveCfg = Debug|Any CPU
		{43591DE3-857B-4BC3-8BAB-05353A355FC7}.Debug|Any CPU.Build.0 = Debug|Any CPU
		{43591DE3-857B-4BC3-8BAB-05353A355FC7}.Release|Any CPU.ActiveCfg = Release|Any CPU
		{43591DE3-857B-4BC3-8BAB-05353A355FC7}.Release|Any CPU.Build.0 = Release|Any CPU
		{C6461BFC-9BAB-462D-A048-547B33E92AEF}.Debug|Any CPU.ActiveCfg = Debug|Any CPU
		{C6461BFC-9BAB-462D-A048-547B33E92AEF}.Debug|Any CPU.Build.0 = Debug|Any CPU
		{C6461BFC-9BAB-462D-A048-547B33E92AEF}.Release|Any CPU.ActiveCfg = Release|Any CPU
		{C6461BFC-9BAB-462D-A048-547B33E92AEF}.Release|Any CPU.Build.0 = Release|Any CPU
	EndGlobalSection
	GlobalSection(SolutionProperties) = preSolution
		HideSolutionNode = FALSE
	EndGlobalSection
	GlobalSection(ExtensibilityGlobals) = postSolution
		SolutionGuid = {0BAEA55D-07FB-48B5-8753-C2AC121694F1}
	EndGlobalSection
EndGlobal
